
Microsoft Visual Studio Solution File, Format Version 12.00
# Visual Studio Version 16
VisualStudioVersion = 25.0.1706.14
MinimumVisualStudioVersion = 10.0.40219.1
Project("{FAE04EC0-301F-11D3-BF4B-00C04F79EFBC}") = "CrudOperations", "CrudOperations.csproj", "{7638E674-6B11-400E-AC97-0E2CF2C5F748}"
EndProject
Project("{FAE04EC0-301F-11D3-BF4B-00C04F79EFBC}") = "Models", "..\Models\Models.csproj", "{6E5E0B9F-7FCB-4C10-B87E-5260A2C26FE8}"
EndProject
Global
	GlobalSection(SolutionConfigurationPlatforms) = preSolution
		Debug|Any CPU = Debug|Any CPU
		Release|Any CPU = Release|Any CPU
	EndGlobalSection
	GlobalSection(ProjectConfigurationPlatforms) = postSolution
		{7638E674-6B11-400E-AC97-0E2CF2C5F748}.Debug|Any CPU.ActiveCfg = Debug|Any CPU
		{7638E674-6B11-400E-AC97-0E2CF2C5F748}.Debug|Any CPU.Build.0 = Debug|Any CPU
		{7638E674-6B11-400E-AC97-0E2CF2C5F748}.Release|Any CPU.ActiveCfg = Release|Any CPU
		{7638E674-6B11-400E-AC97-0E2CF2C5F748}.Release|Any CPU.Build.0 = Release|Any CPU
		{6E5E0B9F-7FCB-4C10-B87E-5260A2C26FE8}.Debug|Any CPU.ActiveCfg = Debug|Any CPU
		{6E5E0B9F-7FCB-4C10-B87E-5260A2C26FE8}.Debug|Any CPU.Build.0 = Debug|Any CPU
		{6E5E0B9F-7FCB-4C10-B87E-5260A2C26FE8}.Release|Any CPU.ActiveCfg = Release|Any CPU
		{6E5E0B9F-7FCB-4C10-B87E-5260A2C26FE8}.Release|Any CPU.Build.0 = Release|Any CPU
	EndGlobalSection
	GlobalSection(SolutionProperties) = preSolution
		HideSolutionNode = FALSE
	EndGlobalSection
	GlobalSection(ExtensibilityGlobals) = postSolution
		SolutionGuid = {E82BA999-1367-473B-9552-343B708F31E2}
	EndGlobalSection
EndGlobal
